
Microsoft Visual Studio Solution File, Format Version 12.00
# Visual Studio 2012
Project("{FAE04EC0-301F-11D3-BF4B-00C04F79EFBC}") = "Sprint", "Timer\Sprint.csproj", "{745E173C-EC98-483B-8804-F2BB65F23B57}"
EndProject
Project("{FAE04EC0-301F-11D3-BF4B-00C04F79EFBC}") = "UnitTest", "UnitTest\UnitTest.csproj", "{1E7E8E2F-E519-41DB-94F3-FB6A84B49882}"
EndProject
Global
	GlobalSection(SolutionConfigurationPlatforms) = preSolution
		Debug|Any CPU = Debug|Any CPU
		Release|Any CPU = Release|Any CPU
	EndGlobalSection
	GlobalSection(ProjectConfigurationPlatforms) = postSolution
		{745E173C-EC98-483B-8804-F2BB65F23B57}.Debug|Any CPU.ActiveCfg = Debug|Any CPU
		{745E173C-EC98-483B-8804-F2BB65F23B57}.Debug|Any CPU.Build.0 = Debug|Any CPU
		{745E173C-EC98-483B-8804-F2BB65F23B57}.Release|Any CPU.ActiveCfg = Release|Any CPU
		{745E173C-EC98-483B-8804-F2BB65F23B57}.Release|Any CPU.Build.0 = Release|Any CPU
		{1E7E8E2F-E519-41DB-94F3-FB6A84B49882}.Debug|Any CPU.ActiveCfg = Debug|Any CPU
		{1E7E8E2F-E519-41DB-94F3-FB6A84B49882}.Debug|Any CPU.Build.0 = Debug|Any CPU
		{1E7E8E2F-E519-41DB-94F3-FB6A84B49882}.Release|Any CPU.ActiveCfg = Release|Any CPU
		{1E7E8E2F-E519-41DB-94F3-FB6A84B49882}.Release|Any CPU.Build.0 = Release|Any CPU
	EndGlobalSection
	GlobalSection(SolutionProperties) = preSolution
		HideSolutionNode = FALSE
	EndGlobalSection
EndGlobal
